
Microsoft Visual Studio Solution File, Format Version 12.00
Project("{FAE04EC0-301F-11D3-BF4B-00C04F79EFBC}") = "Melnikov", "Melnikov\Melnikov.csproj", "{4FC4FBCC-F9EF-418D-8E6A-F2DE6320B3FB}"
EndProject
Global
	GlobalSection(SolutionConfigurationPlatforms) = preSolution
		Debug|Any CPU = Debug|Any CPU
		Release|Any CPU = Release|Any CPU
	EndGlobalSection
	GlobalSection(ProjectConfigurationPlatforms) = postSolution
		{4FC4FBCC-F9EF-418D-8E6A-F2DE6320B3FB}.Debug|Any CPU.ActiveCfg = Debug|Any CPU
		{4FC4FBCC-F9EF-418D-8E6A-F2DE6320B3FB}.Debug|Any CPU.Build.0 = Debug|Any CPU
		{4FC4FBCC-F9EF-418D-8E6A-F2DE6320B3FB}.Release|Any CPU.ActiveCfg = Release|Any CPU
		{4FC4FBCC-F9EF-418D-8E6A-F2DE6320B3FB}.Release|Any CPU.Build.0 = Release|Any CPU
	EndGlobalSection
EndGlobal
